
Microsoft Visual Studio Solution File, Format Version 12.00
# Visual Studio Version 16
VisualStudioVersion = 16.0.30503.244
MinimumVisualStudioVersion = 10.0.40219.1
Project("{2150E333-8FDC-42A3-9474-1A3956D46DE8}") = "Dictionaries", "Dictionaries", "{AB2CDEB3-E511-4407-A843-2B816098BABF}"
EndProject
Project("{2150E333-8FDC-42A3-9474-1A3956D46DE8}") = "LinkedLists", "LinkedLists", "{ACB109F7-A174-4039-BC97-2E0DB8985FB5}"
EndProject
Project("{FAE04EC0-301F-11D3-BF4B-00C04F79EFBC}") = "TourBooker.Logic", "LinkedLists\TourBooker.Logic\TourBooker.Logic.csproj", "{DA8BA7BD-CF64-42CC-AE7B-25437425B642}"
EndProject
Project("{FAE04EC0-301F-11D3-BF4B-00C04F79EFBC}") = "TourBooker.UI", "LinkedLists\TourBooker.UI\TourBooker.UI.csproj", "{33FAA1CD-AD4F-4939-99B0-DB68E390C7EC}"
EndProject
Project("{FAE04EC0-301F-11D3-BF4B-00C04F79EFBC}") = "TourBooker.Logic", "Dictionaries\TourBooker.Logic\TourBooker.Logic.csproj", "{77BB6516-4E38-4461-8CCD-02C12FF7D0E2}"
EndProject
Project("{FAE04EC0-301F-11D3-BF4B-00C04F79EFBC}") = "TourBooker.UI", "Dictionaries\TourBooker.UI\TourBooker.UI.csproj", "{D021A1A5-6FC2-4C7C-8E13-9D8228461CD9}"
EndProject
Project("{FAE04EC0-301F-11D3-BF4B-00C04F79EFBC}") = "Collections.LinkedLists", "Collections.LinkedLists\Collections.LinkedLists.csproj", "{FEC58B93-420F-4871-8709-1073DFF0B408}"
EndProject
Global
	GlobalSection(SolutionConfigurationPlatforms) = preSolution
		Debug|Any CPU = Debug|Any CPU
		Release|Any CPU = Release|Any CPU
	EndGlobalSection
	GlobalSection(ProjectConfigurationPlatforms) = postSolution
		{DA8BA7BD-CF64-42CC-AE7B-25437425B642}.Debug|Any CPU.ActiveCfg = Debug|Any CPU
		{DA8BA7BD-CF64-42CC-AE7B-25437425B642}.Debug|Any CPU.Build.0 = Debug|Any CPU
		{DA8BA7BD-CF64-42CC-AE7B-25437425B642}.Release|Any CPU.ActiveCfg = Release|Any CPU
		{DA8BA7BD-CF64-42CC-AE7B-25437425B642}.Release|Any CPU.Build.0 = Release|Any CPU
		{33FAA1CD-AD4F-4939-99B0-DB68E390C7EC}.Debug|Any CPU.ActiveCfg = Debug|Any CPU
		{33FAA1CD-AD4F-4939-99B0-DB68E390C7EC}.Debug|Any CPU.Build.0 = Debug|Any CPU
		{33FAA1CD-AD4F-4939-99B0-DB68E390C7EC}.Release|Any CPU.ActiveCfg = Release|Any CPU
		{33FAA1CD-AD4F-4939-99B0-DB68E390C7EC}.Release|Any CPU.Build.0 = Release|Any CPU
		{77BB6516-4E38-4461-8CCD-02C12FF7D0E2}.Debug|Any CPU.ActiveCfg = Debug|Any CPU
		{77BB6516-4E38-4461-8CCD-02C12FF7D0E2}.Debug|Any CPU.Build.0 = Debug|Any CPU
		{77BB6516-4E38-4461-8CCD-02C12FF7D0E2}.Release|Any CPU.ActiveCfg = Release|Any CPU
		{77BB6516-4E38-4461-8CCD-02C12FF7D0E2}.Release|Any CPU.Build.0 = Release|Any CPU
		{D021A1A5-6FC2-4C7C-8E13-9D8228461CD9}.Debug|Any CPU.ActiveCfg = Debug|Any CPU
		{D021A1A5-6FC2-4C7C-8E13-9D8228461CD9}.Debug|Any CPU.Build.0 = Debug|Any CPU
		{D021A1A5-6FC2-4C7C-8E13-9D8228461CD9}.Release|Any CPU.ActiveCfg = Release|Any CPU
		{D021A1A5-6FC2-4C7C-8E13-9D8228461CD9}.Release|Any CPU.Build.0 = Release|Any CPU
		{FEC58B93-420F-4871-8709-1073DFF0B408}.Debug|Any CPU.ActiveCfg = Debug|Any CPU
		{FEC58B93-420F-4871-8709-1073DFF0B408}.Debug|Any CPU.Build.0 = Debug|Any CPU
		{FEC58B93-420F-4871-8709-1073DFF0B408}.Release|Any CPU.ActiveCfg = Release|Any CPU
		{FEC58B93-420F-4871-8709-1073DFF0B408}.Release|Any CPU.Build.0 = Release|Any CPU
	EndGlobalSection
	GlobalSection(SolutionProperties) = preSolution
		HideSolutionNode = FALSE
	EndGlobalSection
	GlobalSection(NestedProjects) = preSolution
		{DA8BA7BD-CF64-42CC-AE7B-25437425B642} = {ACB109F7-A174-4039-BC97-2E0DB8985FB5}
		{33FAA1CD-AD4F-4939-99B0-DB68E390C7EC} = {ACB109F7-A174-4039-BC97-2E0DB8985FB5}
		{77BB6516-4E38-4461-8CCD-02C12FF7D0E2} = {AB2CDEB3-E511-4407-A843-2B816098BABF}
		{D021A1A5-6FC2-4C7C-8E13-9D8228461CD9} = {AB2CDEB3-E511-4407-A843-2B816098BABF}
		{FEC58B93-420F-4871-8709-1073DFF0B408} = {ACB109F7-A174-4039-BC97-2E0DB8985FB5}
	EndGlobalSection
	GlobalSection(ExtensibilityGlobals) = postSolution
		SolutionGuid = {049763F7-921F-4BA3-A48A-32560CF7E569}
	EndGlobalSection
EndGlobal
